// !$*UTF8*$!
{
	archiveVersion = 1;
	classes = {
	};
	objectVersion = 46;
	objects = {

/* Begin PBXBuildFile section */
		085858064C23373F2A5278F8 /* TIOTC7A508A0C7743CDDE705Type.swift in Sources */ = {isa = PBXBuildFile; fileRef = 04F15D72C5BC55D6F241E459 /* TIOTC7A508A0C7743CDDE705Type.swift */; };
		1277F7611F8E66AF0060AF58 /* SAPLogo@2x.png in Resources */ = {isa = PBXBuildFile; fileRef = 1277F7601F8E66AC0060AF58 /* SAPLogo@2x.png */; };
		128604DA1E55B41600C698B5 /* SAPCommon.framework in Frameworks */ = {isa = PBXBuildFile; fileRef = 128604D91E55B41600C698B5 /* SAPCommon.framework */; };
		128604DB1E55B43B00C698B5 /* SAPCommon.framework in Embed Frameworks */ = {isa = PBXBuildFile; fileRef = 128604D91E55B41600C698B5 /* SAPCommon.framework */; settings = {ATTRIBUTES = (CodeSignOnCopy, RemoveHeadersOnCopy, ); }; };
		128B53061F8E667000E64DF6 /* SnapshotViewController.swift in Sources */ = {isa = PBXBuildFile; fileRef = 128B53051F8E667000E64DF6 /* SnapshotViewController.swift */; };
		12D066CF1F4DDB0E0075EBA4 /* BuildFile in Resources */ = {isa = PBXBuildFile; };
		12E07EF21E96851800460A94 /* CollectionType.swift in Sources */ = {isa = PBXBuildFile; fileRef = 12E07EF11E96851800460A94 /* CollectionType.swift */; };
		12E84FE31F4ECC4A0061C99E /* SAPFioriFlows.framework in Frameworks */ = {isa = PBXBuildFile; fileRef = 12E84FE21F4ECC3E0061C99E /* SAPFioriFlows.framework */; };
		12E84FE41F4ECC4A0061C99E /* SAPFioriFlows.framework in Embed Frameworks */ = {isa = PBXBuildFile; fileRef = 12E84FE21F4ECC3E0061C99E /* SAPFioriFlows.framework */; settings = {ATTRIBUTES = (CodeSignOnCopy, RemoveHeadersOnCopy, ); }; };
		12E84FE51F4ECF220061C99E /* OnboardingManager.swift in Sources */ = {isa = PBXBuildFile; fileRef = 12E84FDE1F4EBD460061C99E /* OnboardingManager.swift */; };
		24EB5013A96B6380C5AF25C9 /* IotserviceStaticResolver.swift in Sources */ = {isa = PBXBuildFile; fileRef = 4812D021981E68EB31F543DC /* IotserviceStaticResolver.swift */; };
		270778591544348A57004ACF /* IotserviceMetadataText.swift in Sources */ = {isa = PBXBuildFile; fileRef = 86E871EB893DCF99F2C0EA05 /* IotserviceMetadataText.swift */; };
		2830813FA9444E8133E0751D /* IotserviceMetadata.swift in Sources */ = {isa = PBXBuildFile; fileRef = F0765007D7FAB9C5B3DC49B9 /* IotserviceMetadata.swift */; };
		3C6A4EBCA3FD3201A43D8A3D /* TIotC7a508a0c7743cdde705DetailViewController.swift in Sources */ = {isa = PBXBuildFile; fileRef = F71E925AF5EE6DB15C91EDA5 /* TIotC7a508a0c7743cdde705DetailViewController.swift */; };
		3D6856D83552E56682B3E68E /* IotserviceMetadataParser.swift in Sources */ = {isa = PBXBuildFile; fileRef = 339F7F963A399DA6DBBD5D96 /* IotserviceMetadataParser.swift */; };
		40A77CE1A2761AB3358F18B1 /* TIotC7a508a0c7743cdde705.storyboard in Resources */ = {isa = PBXBuildFile; fileRef = 8C8BEC23F99CD9F1D9CA339F /* TIotC7a508a0c7743cdde705.storyboard */; };
		755533981F25FD330017A1BC /* SAPOfflineOData.framework in Frameworks */ = {isa = PBXBuildFile; fileRef = 755533971F25FD2A0017A1BC /* SAPOfflineOData.framework */; };
		755533991F25FD330017A1BC /* SAPOfflineOData.framework in Embed Frameworks */ = {isa = PBXBuildFile; fileRef = 755533971F25FD2A0017A1BC /* SAPOfflineOData.framework */; settings = {ATTRIBUTES = (CodeSignOnCopy, RemoveHeadersOnCopy, ); }; };
		756192211DBE1A99007F562C /* SAPOData.framework in Frameworks */ = {isa = PBXBuildFile; fileRef = 7561921A1DBE1A90007F562C /* SAPOData.framework */; };
		756192221DBE1A99007F562C /* SAPOData.framework in Embed Frameworks */ = {isa = PBXBuildFile; fileRef = 7561921A1DBE1A90007F562C /* SAPOData.framework */; settings = {ATTRIBUTES = (CodeSignOnCopy, RemoveHeadersOnCopy, ); }; };
		7569DA531E5C717C00C5D751 /* SAPFoundation.framework in Frameworks */ = {isa = PBXBuildFile; fileRef = 7569DA511E5C716A00C5D751 /* SAPFoundation.framework */; };
		7569DA541E5C717C00C5D751 /* SAPFoundation.framework in Embed Frameworks */ = {isa = PBXBuildFile; fileRef = 7569DA511E5C716A00C5D751 /* SAPFoundation.framework */; settings = {ATTRIBUTES = (CodeSignOnCopy, RemoveHeadersOnCopy, ); }; };
		759BA2701E6821A7001C32BA /* SAPFiori.framework in Frameworks */ = {isa = PBXBuildFile; fileRef = 759BA26F1E6821A7001C32BA /* SAPFiori.framework */; };
		759BA2721E6821AF001C32BA /* SAPFiori.framework in Embed Frameworks */ = {isa = PBXBuildFile; fileRef = 759BA26F1E6821A7001C32BA /* SAPFiori.framework */; settings = {ATTRIBUTES = (CodeSignOnCopy, RemoveHeadersOnCopy, ); }; };
		75AC42D41DAF824D00B445FF /* CollectionsViewController.swift in Sources */ = {isa = PBXBuildFile; fileRef = 75AC42CE1DAF824D00B445FF /* CollectionsViewController.swift */; };
		76D3EFDACA9AF6E042F11BD5 /* TIotC7a508a0c7743cdde705MasterViewController.swift in Sources */ = {isa = PBXBuildFile; fileRef = 889F1FD7A331DA7F3E36198F /* TIotC7a508a0c7743cdde705MasterViewController.swift */; };
		7A1315B91D4B982000A5DA56 /* AppDelegate.swift in Sources */ = {isa = PBXBuildFile; fileRef = 7A1315B81D4B982000A5DA56 /* AppDelegate.swift */; };
		7A1315C21D4B982000A5DA56 /* Assets.xcassets in Resources */ = {isa = PBXBuildFile; fileRef = 7A1315C11D4B982000A5DA56 /* Assets.xcassets */; };
		7A1315C51D4B982000A5DA56 /* LaunchScreen.storyboard in Resources */ = {isa = PBXBuildFile; fileRef = 7A1315C31D4B982000A5DA56 /* LaunchScreen.storyboard */; };
		7A16F06D1FD1B3C700D2FABD /* README.md in Resources */ = {isa = PBXBuildFile; fileRef = 7A16F06C1FD1B3C700D2FABD /* README.md */; };
		7A26CA1C1F31BA8800B156B6 /* CellCreationHelper.swift in Sources */ = {isa = PBXBuildFile; fileRef = 7A26CA1B1F31BA8800B156B6 /* CellCreationHelper.swift */; };
		7A9F6FF61F3883D3000A1815 /* SAPFioriLoadingIndicator.swift in Sources */ = {isa = PBXBuildFile; fileRef = 7A9F6FF51F3883D3000A1815 /* SAPFioriLoadingIndicator.swift */; };
		C342DEDD75F702DB1A3F2971 /* Iotservice.swift in Sources */ = {isa = PBXBuildFile; fileRef = A620235A1C59AA32212FED43 /* Iotservice.swift */; };
		CBCA7A991E3778A9001AF49E /* Main.storyboard in Resources */ = {isa = PBXBuildFile; fileRef = CBCA7A9B1E3778A9001AF49E /* Main.storyboard */; };
		E43296837B35F5DCF397CD45 /* IotserviceMetadataChanges.swift in Sources */ = {isa = PBXBuildFile; fileRef = F177007DE5E7EA43045D1632 /* IotserviceMetadataChanges.swift */; };
		F1826DB51F0B4D97723C7761 /* IotserviceFactory.swift in Sources */ = {isa = PBXBuildFile; fileRef = 83276DF6E6C460E58AF888F2 /* IotserviceFactory.swift */; };
/* End PBXBuildFile section */

/* Begin PBXCopyFilesBuildPhase section */
		758AC1C31D5A265200311F39 /* Embed Frameworks */ = {
			isa = PBXCopyFilesBuildPhase;
			buildActionMask = 2147483647;
			dstPath = "";
			dstSubfolderSpec = 10;
			files = (
				7569DA541E5C717C00C5D751 /* SAPFoundation.framework in Embed Frameworks */,
				12E84FE41F4ECC4A0061C99E /* SAPFioriFlows.framework in Embed Frameworks */,
				128604DB1E55B43B00C698B5 /* SAPCommon.framework in Embed Frameworks */,
				755533991F25FD330017A1BC /* SAPOfflineOData.framework in Embed Frameworks */,
				756192221DBE1A99007F562C /* SAPOData.framework in Embed Frameworks */,
				759BA2721E6821AF001C32BA /* SAPFiori.framework in Embed Frameworks */,
			);
			name = "Embed Frameworks";
			runOnlyForDeploymentPostprocessing = 0;
		};
/* End PBXCopyFilesBuildPhase section */

/* Begin PBXFileReference section */
		04F15D72C5BC55D6F241E459 /* TIOTC7A508A0C7743CDDE705Type.swift */ = {isa = PBXFileReference; includeInIndex = 1; lastKnownFileType = sourcecode.swift; name = TIOTC7A508A0C7743CDDE705Type.swift; path = "Proxy Classes/com.sap.test.demo4/public/TIOTC7A508A0C7743CDDE705Type.swift"; sourceTree = "<group>"; };
		1277F7601F8E66AC0060AF58 /* SAPLogo@2x.png */ = {isa = PBXFileReference; lastKnownFileType = image.png; path = "SAPLogo@2x.png"; sourceTree = "<group>"; };
		128604D91E55B41600C698B5 /* SAPCommon.framework */ = {isa = PBXFileReference; lastKnownFileType = wrapper.framework; path = SAPCommon.framework; sourceTree = "<group>"; };
		128B53051F8E667000E64DF6 /* SnapshotViewController.swift */ = {isa = PBXFileReference; lastKnownFileType = sourcecode.swift; path = SnapshotViewController.swift; sourceTree = "<group>"; };
		12E07EF11E96851800460A94 /* CollectionType.swift */ = {isa = PBXFileReference; fileEncoding = 4; lastKnownFileType = sourcecode.swift; path = CollectionType.swift; sourceTree = "<group>"; };
		12E84FDE1F4EBD460061C99E /* OnboardingManager.swift */ = {isa = PBXFileReference; lastKnownFileType = sourcecode.swift; path = OnboardingManager.swift; sourceTree = "<group>"; };
		12E84FE21F4ECC3E0061C99E /* SAPFioriFlows.framework */ = {isa = PBXFileReference; lastKnownFileType = wrapper.framework; path = SAPFioriFlows.framework; sourceTree = "<group>"; };
		339F7F963A399DA6DBBD5D96 /* IotserviceMetadataParser.swift */ = {isa = PBXFileReference; includeInIndex = 1; lastKnownFileType = sourcecode.swift; name = IotserviceMetadataParser.swift; path = "Proxy Classes/com.sap.test.demo4/internal/IotserviceMetadataParser.swift"; sourceTree = "<group>"; };
		4812D021981E68EB31F543DC /* IotserviceStaticResolver.swift */ = {isa = PBXFileReference; includeInIndex = 1; lastKnownFileType = sourcecode.swift; name = IotserviceStaticResolver.swift; path = "Proxy Classes/com.sap.test.demo4/internal/IotserviceStaticResolver.swift"; sourceTree = "<group>"; };
		755533971F25FD2A0017A1BC /* SAPOfflineOData.framework */ = {isa = PBXFileReference; lastKnownFileType = wrapper.framework; path = SAPOfflineOData.framework; sourceTree = "<group>"; };
		7561921A1DBE1A90007F562C /* SAPOData.framework */ = {isa = PBXFileReference; lastKnownFileType = wrapper.framework; path = SAPOData.framework; sourceTree = "<group>"; };
		7569DA511E5C716A00C5D751 /* SAPFoundation.framework */ = {isa = PBXFileReference; lastKnownFileType = wrapper.framework; path = SAPFoundation.framework; sourceTree = "<group>"; };
		759BA26F1E6821A7001C32BA /* SAPFiori.framework */ = {isa = PBXFileReference; lastKnownFileType = wrapper.framework; path = SAPFiori.framework; sourceTree = "<group>"; };
		75AC42CE1DAF824D00B445FF /* CollectionsViewController.swift */ = {isa = PBXFileReference; fileEncoding = 4; lastKnownFileType = sourcecode.swift; path = CollectionsViewController.swift; sourceTree = "<group>"; };
		7A1315B51D4B982000A5DA56 /* FIT4002-v1.app */ = {isa = PBXFileReference; explicitFileType = wrapper.application; includeInIndex = 0; path = "FIT4002-v1.app"; sourceTree = BUILT_PRODUCTS_DIR; };
		7A1315B81D4B982000A5DA56 /* AppDelegate.swift */ = {isa = PBXFileReference; lastKnownFileType = sourcecode.swift; path = AppDelegate.swift; sourceTree = "<group>"; };
		7A1315C11D4B982000A5DA56 /* Assets.xcassets */ = {isa = PBXFileReference; lastKnownFileType = folder.assetcatalog; path = Assets.xcassets; sourceTree = "<group>"; };
		7A1315C41D4B982000A5DA56 /* Base */ = {isa = PBXFileReference; lastKnownFileType = file.storyboard; name = Base; path = Base.lproj/LaunchScreen.storyboard; sourceTree = "<group>"; };
		7A1315C61D4B982000A5DA56 /* Info.plist */ = {isa = PBXFileReference; lastKnownFileType = text.plist.xml; path = Info.plist; sourceTree = "<group>"; };
		7A16F06C1FD1B3C700D2FABD /* README.md */ = {isa = PBXFileReference; fileEncoding = 4; lastKnownFileType = net.daringfireball.markdown; path = README.md; sourceTree = "<group>"; };
		7A26CA1B1F31BA8800B156B6 /* CellCreationHelper.swift */ = {isa = PBXFileReference; fileEncoding = 4; lastKnownFileType = sourcecode.swift; path = CellCreationHelper.swift; sourceTree = "<group>"; };
		7A9F6FF51F3883D3000A1815 /* SAPFioriLoadingIndicator.swift */ = {isa = PBXFileReference; fileEncoding = 4; lastKnownFileType = sourcecode.swift; path = SAPFioriLoadingIndicator.swift; sourceTree = "<group>"; };
		83276DF6E6C460E58AF888F2 /* IotserviceFactory.swift */ = {isa = PBXFileReference; includeInIndex = 1; lastKnownFileType = sourcecode.swift; name = IotserviceFactory.swift; path = "Proxy Classes/com.sap.test.demo4/internal/IotserviceFactory.swift"; sourceTree = "<group>"; };
		86E871EB893DCF99F2C0EA05 /* IotserviceMetadataText.swift */ = {isa = PBXFileReference; includeInIndex = 1; lastKnownFileType = sourcecode.swift; name = IotserviceMetadataText.swift; path = "Proxy Classes/com.sap.test.demo4/internal/IotserviceMetadataText.swift"; sourceTree = "<group>"; };
		889F1FD7A331DA7F3E36198F /* TIotC7a508a0c7743cdde705MasterViewController.swift */ = {isa = PBXFileReference; includeInIndex = 1; lastKnownFileType = sourcecode.swift; name = TIotC7a508a0c7743cdde705MasterViewController.swift; path = TIotC7a508a0c7743cdde705/TIotC7a508a0c7743cdde705MasterViewController.swift; sourceTree = "<group>"; };
		A3AE4A9B7B09A3201DACE72A /* Base */ = {isa = PBXFileReference; includeInIndex = ""; lastKnownFileType = file.storyboard; name = Base; path = Base.lproj/TIotC7a508a0c7743cdde705.storyboard; sourceTree = "<group>"; };
		A620235A1C59AA32212FED43 /* Iotservice.swift */ = {isa = PBXFileReference; includeInIndex = 1; lastKnownFileType = sourcecode.swift; name = Iotservice.swift; path = "Proxy Classes/com.sap.test.demo4/public/Iotservice.swift"; sourceTree = "<group>"; };
		CB909D801E38CA8800218154 /* Base */ = {isa = PBXFileReference; lastKnownFileType = file.storyboard; name = Base; path = Base.lproj/Main.storyboard; sourceTree = "<group>"; };
		F0765007D7FAB9C5B3DC49B9 /* IotserviceMetadata.swift */ = {isa = PBXFileReference; includeInIndex = 1; lastKnownFileType = sourcecode.swift; name = IotserviceMetadata.swift; path = "Proxy Classes/com.sap.test.demo4/public/IotserviceMetadata.swift"; sourceTree = "<group>"; };
		F177007DE5E7EA43045D1632 /* IotserviceMetadataChanges.swift */ = {isa = PBXFileReference; includeInIndex = 1; lastKnownFileType = sourcecode.swift; name = IotserviceMetadataChanges.swift; path = "Proxy Classes/com.sap.test.demo4/internal/IotserviceMetadataChanges.swift"; sourceTree = "<group>"; };
		F71E925AF5EE6DB15C91EDA5 /* TIotC7a508a0c7743cdde705DetailViewController.swift */ = {isa = PBXFileReference; includeInIndex = 1; lastKnownFileType = sourcecode.swift; name = TIotC7a508a0c7743cdde705DetailViewController.swift; path = TIotC7a508a0c7743cdde705/TIotC7a508a0c7743cdde705DetailViewController.swift; sourceTree = "<group>"; };
/* End PBXFileReference section */

/* Begin PBXFrameworksBuildPhase section */
		7A1315B21D4B982000A5DA56 /* Frameworks */ = {
			isa = PBXFrameworksBuildPhase;
			buildActionMask = 2147483647;
			files = (
				7569DA531E5C717C00C5D751 /* SAPFoundation.framework in Frameworks */,
				12E84FE31F4ECC4A0061C99E /* SAPFioriFlows.framework in Frameworks */,
				756192211DBE1A99007F562C /* SAPOData.framework in Frameworks */,
				755533981F25FD330017A1BC /* SAPOfflineOData.framework in Frameworks */,
				128604DA1E55B41600C698B5 /* SAPCommon.framework in Frameworks */,
				759BA2701E6821A7001C32BA /* SAPFiori.framework in Frameworks */,
			);
			runOnlyForDeploymentPostprocessing = 0;
		};
/* End PBXFrameworksBuildPhase section */

/* Begin PBXGroup section */
		12D066CB1F4DDAE40075EBA4 /* Onboarding */ = {
			isa = PBXGroup;
			children = (
				12E84FDE1F4EBD460061C99E /* OnboardingManager.swift */,
			);
			name = Onboarding;
			sourceTree = "<group>";
		};
		20715680971EAC7D52514948 /* public */ = {
			isa = PBXGroup;
			children = (
				04F15D72C5BC55D6F241E459 /* TIOTC7A508A0C7743CDDE705Type.swift */,
				F0765007D7FAB9C5B3DC49B9 /* IotserviceMetadata.swift */,
				A620235A1C59AA32212FED43 /* Iotservice.swift */,
			);
			name = public;
			sourceTree = "<group>";
		};
		563F5D876C45E49BF7BE6FEB /* internal */ = {
			isa = PBXGroup;
			children = (
				83276DF6E6C460E58AF888F2 /* IotserviceFactory.swift */,
				339F7F963A399DA6DBBD5D96 /* IotserviceMetadataParser.swift */,
				86E871EB893DCF99F2C0EA05 /* IotserviceMetadataText.swift */,
				4812D021981E68EB31F543DC /* IotserviceStaticResolver.swift */,
				F177007DE5E7EA43045D1632 /* IotserviceMetadataChanges.swift */,
			);
			name = internal;
			sourceTree = "<group>";
		};
		7532C1BB1D5B6917004B03AF /* Model */ = {
			isa = PBXGroup;
			children = (
				12E07EF11E96851800460A94 /* CollectionType.swift */,
			);
			name = Model;
			sourceTree = "<group>";
		};
		755C10B41D5C63B000ECF6A2 /* Utils */ = {
			isa = PBXGroup;
			children = (
				7A9F6FF51F3883D3000A1815 /* SAPFioriLoadingIndicator.swift */,
				7A26CA1B1F31BA8800B156B6 /* CellCreationHelper.swift */,
			);
			name = Utils;
			sourceTree = "<group>";
		};
		75AC42C81DAF80C000B445FF /* ViewControllers */ = {
			isa = PBXGroup;
			children = (
				75AC42CE1DAF824D00B445FF /* CollectionsViewController.swift */,
				128B53051F8E667000E64DF6 /* SnapshotViewController.swift */,
				F4CC8C8C5C42443B6FFEED72 /* TIotC7a508a0c7743cdde705 */,
			);
			name = ViewControllers;
			sourceTree = "<group>";
		};
		75D373EF1DD1FB0800888D4C /* Proxy Classes */ = {
			isa = PBXGroup;
			children = (
				563F5D876C45E49BF7BE6FEB /* internal */,
				20715680971EAC7D52514948 /* public */,
			);
			name = "Proxy Classes";
			sourceTree = "<group>";
		};
		7A1315AC1D4B982000A5DA56 = {
			isa = PBXGroup;
			children = (
				7A16F06C1FD1B3C700D2FABD /* README.md */,
				7A1315B71D4B982000A5DA56 /* FIT4002-v1 */,
				7A1315B61D4B982000A5DA56 /* Products */,
				7A1315CC1D4B990B00A5DA56 /* Frameworks */,
			);
			sourceTree = "<group>";
		};
		7A1315B61D4B982000A5DA56 /* Products */ = {
			isa = PBXGroup;
			children = (
				7A1315B51D4B982000A5DA56 /* FIT4002-v1.app */,
			);
			name = Products;
			sourceTree = "<group>";
		};
		7A1315B71D4B982000A5DA56 /* FIT4002-v1 */ = {
			isa = PBXGroup;
			children = (
				12D066CB1F4DDAE40075EBA4 /* Onboarding */,
				7532C1BB1D5B6917004B03AF /* Model */,
				75AC42C81DAF80C000B445FF /* ViewControllers */,
				75D373EF1DD1FB0800888D4C /* Proxy Classes */,
				755C10B41D5C63B000ECF6A2 /* Utils */,
				7A1315B81D4B982000A5DA56 /* AppDelegate.swift */,
				CBCA7A9B1E3778A9001AF49E /* Main.storyboard */,
				7A1315C11D4B982000A5DA56 /* Assets.xcassets */,
				7A1315C31D4B982000A5DA56 /* LaunchScreen.storyboard */,
				1277F7601F8E66AC0060AF58 /* SAPLogo@2x.png */,
				7A1315C61D4B982000A5DA56 /* Info.plist */,
			);
			path = "FIT4002-v1";
			sourceTree = "<group>";
		};
		7A1315CC1D4B990B00A5DA56 /* Frameworks */ = {
			isa = PBXGroup;
			children = (
				12E84FE21F4ECC3E0061C99E /* SAPFioriFlows.framework */,
				755533971F25FD2A0017A1BC /* SAPOfflineOData.framework */,
				759BA26F1E6821A7001C32BA /* SAPFiori.framework */,
				7569DA511E5C716A00C5D751 /* SAPFoundation.framework */,
				7561921A1DBE1A90007F562C /* SAPOData.framework */,
				128604D91E55B41600C698B5 /* SAPCommon.framework */,
			);
			name = Frameworks;
			sourceTree = "<group>";
		};
		F4CC8C8C5C42443B6FFEED72 /* TIotC7a508a0c7743cdde705 */ = {
			isa = PBXGroup;
			children = (
				8C8BEC23F99CD9F1D9CA339F /* TIotC7a508a0c7743cdde705.storyboard */,
				889F1FD7A331DA7F3E36198F /* TIotC7a508a0c7743cdde705MasterViewController.swift */,
				F71E925AF5EE6DB15C91EDA5 /* TIotC7a508a0c7743cdde705DetailViewController.swift */,
			);
			name = TIotC7a508a0c7743cdde705;
			sourceTree = "<group>";
		};
/* End PBXGroup section */

/* Begin PBXNativeTarget section */
		7A1315B41D4B982000A5DA56 /* FIT4002-v1 */ = {
			isa = PBXNativeTarget;
			buildConfigurationList = 7A1315C91D4B982000A5DA56 /* Build configuration list for PBXNativeTarget "FIT4002-v1" */;
			buildPhases = (
				7A1315B11D4B982000A5DA56 /* Sources */,
				7A1315B21D4B982000A5DA56 /* Frameworks */,
				7A1315B31D4B982000A5DA56 /* Resources */,
				758AC1C31D5A265200311F39 /* Embed Frameworks */,
			);
			buildRules = (
			);
			dependencies = (
			);
			name = "FIT4002-v1";
			productName = "FIT4002-v1";
			productReference = 7A1315B51D4B982000A5DA56 /* FIT4002-v1.app */;
			productType = "com.apple.product-type.application";
		};
/* End PBXNativeTarget section */

/* Begin PBXProject section */
		7A1315AD1D4B982000A5DA56 /* Project object */ = {
			isa = PBXProject;
			attributes = {
				LastSwiftUpdateCheck = 0800;
				LastUpgradeCheck = 0900;
				ORGANIZATIONNAME = SAP;
				TargetAttributes = {
					7A1315B41D4B982000A5DA56 = {
						CreatedOnToolsVersion = 8.0;
						LastSwiftMigration = 0900;
						ProvisioningStyle = Automatic;
					};
				};
			};
			buildConfigurationList = 7A1315B01D4B982000A5DA56 /* Build configuration list for PBXProject "FIT4002-v1" */;
			compatibilityVersion = "Xcode 3.2";
			developmentRegion = English;
			hasScannedForEncodings = 0;
			knownRegions = (
				en,
				Base,
			);
			mainGroup = 7A1315AC1D4B982000A5DA56;
			productRefGroup = 7A1315B61D4B982000A5DA56 /* Products */;
			projectDirPath = "";
			projectRoot = "";
			targets = (
				7A1315B41D4B982000A5DA56 /* FIT4002-v1 */,
			);
		};
/* End PBXProject section */

/* Begin PBXResourcesBuildPhase section */
		7A1315B31D4B982000A5DA56 /* Resources */ = {
			isa = PBXResourcesBuildPhase;
			buildActionMask = 2147483647;
			files = (
				7A16F06D1FD1B3C700D2FABD /* README.md in Resources */,
				7A1315C51D4B982000A5DA56 /* LaunchScreen.storyboard in Resources */,
				12D066CF1F4DDB0E0075EBA4 /* BuildFile in Resources */,
				7A1315C21D4B982000A5DA56 /* Assets.xcassets in Resources */,
				CBCA7A991E3778A9001AF49E /* Main.storyboard in Resources */,
				1277F7611F8E66AF0060AF58 /* SAPLogo@2x.png in Resources */,
				40A77CE1A2761AB3358F18B1 /* TIotC7a508a0c7743cdde705.storyboard in Resources */,
			);
			runOnlyForDeploymentPostprocessing = 0;
		};
/* End PBXResourcesBuildPhase section */

/* Begin PBXSourcesBuildPhase section */
		7A1315B11D4B982000A5DA56 /* Sources */ = {
			isa = PBXSourcesBuildPhase;
			buildActionMask = 2147483647;
			files = (
				128B53061F8E667000E64DF6 /* SnapshotViewController.swift in Sources */,
				12E84FE51F4ECF220061C99E /* OnboardingManager.swift in Sources */,
				7A9F6FF61F3883D3000A1815 /* SAPFioriLoadingIndicator.swift in Sources */,
				7A26CA1C1F31BA8800B156B6 /* CellCreationHelper.swift in Sources */,
				12E07EF21E96851800460A94 /* CollectionType.swift in Sources */,
				75AC42D41DAF824D00B445FF /* CollectionsViewController.swift in Sources */,
				7A1315B91D4B982000A5DA56 /* AppDelegate.swift in Sources */,
				F1826DB51F0B4D97723C7761 /* IotserviceFactory.swift in Sources */,
				3D6856D83552E56682B3E68E /* IotserviceMetadataParser.swift in Sources */,
				270778591544348A57004ACF /* IotserviceMetadataText.swift in Sources */,
				24EB5013A96B6380C5AF25C9 /* IotserviceStaticResolver.swift in Sources */,
				E43296837B35F5DCF397CD45 /* IotserviceMetadataChanges.swift in Sources */,
				085858064C23373F2A5278F8 /* TIOTC7A508A0C7743CDDE705Type.swift in Sources */,
				2830813FA9444E8133E0751D /* IotserviceMetadata.swift in Sources */,
				C342DEDD75F702DB1A3F2971 /* Iotservice.swift in Sources */,
				76D3EFDACA9AF6E042F11BD5 /* TIotC7a508a0c7743cdde705MasterViewController.swift in Sources */,
				3C6A4EBCA3FD3201A43D8A3D /* TIotC7a508a0c7743cdde705DetailViewController.swift in Sources */,
			);
			runOnlyForDeploymentPostprocessing = 0;
		};
/* End PBXSourcesBuildPhase section */

/* Begin PBXVariantGroup section */
		7A1315C31D4B982000A5DA56 /* LaunchScreen.storyboard */ = {
			isa = PBXVariantGroup;
			children = (
				7A1315C41D4B982000A5DA56 /* Base */,
			);
			name = LaunchScreen.storyboard;
			sourceTree = "<group>";
		};
		8C8BEC23F99CD9F1D9CA339F /* TIotC7a508a0c7743cdde705.storyboard */ = {
			isa = PBXVariantGroup;
			children = (
				A3AE4A9B7B09A3201DACE72A /* Base */,
			);
			name = TIotC7a508a0c7743cdde705.storyboard;
			path = TIotC7a508a0c7743cdde705;
			sourceTree = "<group>";
		};
		CBCA7A9B1E3778A9001AF49E /* Main.storyboard */ = {
			isa = PBXVariantGroup;
			children = (
				CB909D801E38CA8800218154 /* Base */,
			);
			name = Main.storyboard;
			sourceTree = "<group>";
		};
/* End PBXVariantGroup section */

/* Begin XCBuildConfiguration section */
		7A1315C71D4B982000A5DA56 /* Debug */ = {
			isa = XCBuildConfiguration;
			buildSettings = {
				ALWAYS_SEARCH_USER_PATHS = NO;
				CLANG_ANALYZER_NONNULL = YES;
				CLANG_CXX_LANGUAGE_STANDARD = "gnu++0x";
				CLANG_CXX_LIBRARY = "libc++";
				CLANG_ENABLE_MODULES = YES;
				CLANG_ENABLE_OBJC_ARC = YES;
				CLANG_WARN_BLOCK_CAPTURE_AUTORELEASING = YES;
				CLANG_WARN_BOOL_CONVERSION = YES;
				CLANG_WARN_COMMA = YES;
				CLANG_WARN_CONSTANT_CONVERSION = YES;
				CLANG_WARN_DIRECT_OBJC_ISA_USAGE = YES_ERROR;
				CLANG_WARN_DOCUMENTATION_COMMENTS = YES;
				CLANG_WARN_EMPTY_BODY = YES;
				CLANG_WARN_ENUM_CONVERSION = YES;
				CLANG_WARN_INFINITE_RECURSION = YES;
				CLANG_WARN_INT_CONVERSION = YES;
				CLANG_WARN_NON_LITERAL_NULL_CONVERSION = YES;
				CLANG_WARN_OBJC_LITERAL_CONVERSION = YES;
				CLANG_WARN_OBJC_ROOT_CLASS = YES_ERROR;
				CLANG_WARN_RANGE_LOOP_ANALYSIS = YES;
				CLANG_WARN_STRICT_PROTOTYPES = YES;
				CLANG_WARN_SUSPICIOUS_MOVE = YES;
				CLANG_WARN_UNREACHABLE_CODE = YES;
				CLANG_WARN__DUPLICATE_METHOD_MATCH = YES;
				"CODE_SIGN_IDENTITY[sdk=iphoneos*]" = "iPhone Developer";
				COPY_PHASE_STRIP = NO;
				DEBUG_INFORMATION_FORMAT = dwarf;
				ENABLE_STRICT_OBJC_MSGSEND = YES;
				ENABLE_TESTABILITY = YES;
				GCC_C_LANGUAGE_STANDARD = gnu99;
				GCC_DYNAMIC_NO_PIC = NO;
				GCC_NO_COMMON_BLOCKS = YES;
				GCC_OPTIMIZATION_LEVEL = 0;
				GCC_PREPROCESSOR_DEFINITIONS = (
					"DEBUG=1",
					"$(inherited)",
				);
				GCC_WARN_64_TO_32_BIT_CONVERSION = YES;
				GCC_WARN_ABOUT_RETURN_TYPE = YES_ERROR;
				GCC_WARN_UNDECLARED_SELECTOR = YES;
				GCC_WARN_UNINITIALIZED_AUTOS = YES_AGGRESSIVE;
				GCC_WARN_UNUSED_FUNCTION = YES;
				GCC_WARN_UNUSED_VARIABLE = YES;
				IPHONEOS_DEPLOYMENT_TARGET = 10.3;
				LD_RUNPATH_SEARCH_PATHS = "@executable_path/Frameworks";
				MTL_ENABLE_DEBUG_INFO = YES;
				ONLY_ACTIVE_ARCH = YES;
				SDKROOT = iphoneos;
				SWIFT_ACTIVE_COMPILATION_CONDITIONS = DEBUG;
				SWIFT_OPTIMIZATION_LEVEL = "-Onone";
				SWIFT_VERSION = 4.0;
				TARGETED_DEVICE_FAMILY = "1,2";
			};
			name = Debug;
		};
		7A1315C81D4B982000A5DA56 /* Release */ = {
			isa = XCBuildConfiguration;
			buildSettings = {
				ALWAYS_SEARCH_USER_PATHS = NO;
				CLANG_ANALYZER_NONNULL = YES;
				CLANG_CXX_LANGUAGE_STANDARD = "gnu++0x";
				CLANG_CXX_LIBRARY = "libc++";
				CLANG_ENABLE_MODULES = YES;
				CLANG_ENABLE_OBJC_ARC = YES;
				CLANG_WARN_BLOCK_CAPTURE_AUTORELEASING = YES;
				CLANG_WARN_BOOL_CONVERSION = YES;
				CLANG_WARN_COMMA = YES;
				CLANG_WARN_CONSTANT_CONVERSION = YES;
				CLANG_WARN_DIRECT_OBJC_ISA_USAGE = YES_ERROR;
				CLANG_WARN_DOCUMENTATION_COMMENTS = YES;
				CLANG_WARN_EMPTY_BODY = YES;
				CLANG_WARN_ENUM_CONVERSION = YES;
				CLANG_WARN_INFINITE_RECURSION = YES;
				CLANG_WARN_INT_CONVERSION = YES;
				CLANG_WARN_NON_LITERAL_NULL_CONVERSION = YES;
				CLANG_WARN_OBJC_LITERAL_CONVERSION = YES;
				CLANG_WARN_OBJC_ROOT_CLASS = YES_ERROR;
				CLANG_WARN_RANGE_LOOP_ANALYSIS = YES;
				CLANG_WARN_STRICT_PROTOTYPES = YES;
				CLANG_WARN_SUSPICIOUS_MOVE = YES;
				CLANG_WARN_UNREACHABLE_CODE = YES;
				CLANG_WARN__DUPLICATE_METHOD_MATCH = YES;
				"CODE_SIGN_IDENTITY[sdk=iphoneos*]" = "iPhone Developer";
				COPY_PHASE_STRIP = NO;
				DEBUG_INFORMATION_FORMAT = "dwarf-with-dsym";
				ENABLE_NS_ASSERTIONS = NO;
				ENABLE_STRICT_OBJC_MSGSEND = YES;
				GCC_C_LANGUAGE_STANDARD = gnu99;
				GCC_NO_COMMON_BLOCKS = YES;
				GCC_WARN_64_TO_32_BIT_CONVERSION = YES;
				GCC_WARN_ABOUT_RETURN_TYPE = YES_ERROR;
				GCC_WARN_UNDECLARED_SELECTOR = YES;
				GCC_WARN_UNINITIALIZED_AUTOS = YES_AGGRESSIVE;
				GCC_WARN_UNUSED_FUNCTION = YES;
				GCC_WARN_UNUSED_VARIABLE = YES;
				IPHONEOS_DEPLOYMENT_TARGET = 10.3;
				LD_RUNPATH_SEARCH_PATHS = "@executable_path/Frameworks";
				MTL_ENABLE_DEBUG_INFO = NO;
				SDKROOT = iphoneos;
				SWIFT_OPTIMIZATION_LEVEL = "-Owholemodule";
				SWIFT_VERSION = 4.0;
				TARGETED_DEVICE_FAMILY = "1,2";
				VALIDATE_PRODUCT = YES;
			};
			name = Release;
		};
		7A1315CA1D4B982000A5DA56 /* Debug */ = {
			isa = XCBuildConfiguration;
			buildSettings = {
				ASSETCATALOG_COMPILER_APPICON_NAME = AppIcon;
				CODE_SIGN_ENTITLEMENTS = "";
				CODE_SIGN_IDENTITY = "iPhone Developer";
				DEVELOPMENT_TEAM = "";
				EMBED_ASSET_PACKS_IN_PRODUCT_BUNDLE = NO;
				ENABLE_BITCODE = NO;
				FRAMEWORK_SEARCH_PATHS = (
					"$(inherited)",
					"$(PROJECT_DIR)",
				);
				INFOPLIST_FILE = "FIT4002-v1/Info.plist";
				IPHONEOS_DEPLOYMENT_TARGET = 10.0;
				LD_RUNPATH_SEARCH_PATHS = "$(inherited) @executable_path/Frameworks";
				PRODUCT_BUNDLE_IDENTIFIER = "com.sap.demo.FIT4002-v1";
				PRODUCT_NAME = "$(TARGET_NAME)";
				SWIFT_SWIFT3_OBJC_INFERENCE = Default;
				SWIFT_VERSION = 4.0;
			};
			name = Debug;
		};
		7A1315CB1D4B982000A5DA56 /* Release */ = {
			isa = XCBuildConfiguration;
			buildSettings = {
				ASSETCATALOG_COMPILER_APPICON_NAME = AppIcon;
				CODE_SIGN_ENTITLEMENTS = "";
				CODE_SIGN_IDENTITY = "iPhone Developer";
				DEVELOPMENT_TEAM = "";
				EMBED_ASSET_PACKS_IN_PRODUCT_BUNDLE = NO;
				ENABLE_BITCODE = NO;
				FRAMEWORK_SEARCH_PATHS = (
					"$(inherited)",
					"$(PROJECT_DIR)",
				);
				INFOPLIST_FILE = "FIT4002-v1/Info.plist";
				IPHONEOS_DEPLOYMENT_TARGET = 10.0;
				LD_RUNPATH_SEARCH_PATHS = "$(inherited) @executable_path/Frameworks";
				PRODUCT_BUNDLE_IDENTIFIER = "com.sap.demo.FIT4002-v1";
				PRODUCT_NAME = "$(TARGET_NAME)";
				SWIFT_SWIFT3_OBJC_INFERENCE = Default;
				SWIFT_VERSION = 4.0;
			};
			name = Release;
		};
/* End XCBuildConfiguration section */

/* Begin XCConfigurationList section */
		7A1315B01D4B982000A5DA56 /* Build configuration list for PBXProject "FIT4002-v1" */ = {
			isa = XCConfigurationList;
			buildConfigurations = (
				7A1315C71D4B982000A5DA56 /* Debug */,
				7A1315C81D4B982000A5DA56 /* Release */,
			);
			defaultConfigurationIsVisible = 0;
			defaultConfigurationName = Release;
		};
		7A1315C91D4B982000A5DA56 /* Build configuration list for PBXNativeTarget "FIT4002-v1" */ = {
			isa = XCConfigurationList;
			buildConfigurations = (
				7A1315CA1D4B982000A5DA56 /* Debug */,
				7A1315CB1D4B982000A5DA56 /* Release */,
			);
			defaultConfigurationIsVisible = 0;
			defaultConfigurationName = Release;
		};
/* End XCConfigurationList section */
	};
	rootObject = 7A1315AD1D4B982000A5DA56 /* Project object */;
}
